lockfileVersion: '9.0'

settings:
  autoInstallPeers: true
  excludeLinksFromLockfile: false

importers:

  .:
    dependencies:
      exiftool-vendored:
        specifier: ^29.1.0
        version: 29.1.0

packages:

  '@photostructure/tz-lookup@11.1.0':
    resolution: {integrity: sha512-UywyhMwUdVU2aH5ls7EweTEyPpXbDkgC//Nnsm/lWfpae8WX3N33Yy0/aBmb/Pd9+qEtgcFMYTtN/Htb+cd0ZA==}

  '@types/luxon@3.4.2':
    resolution: {integrity: sha512-TifLZlFudklWlMBfhubvgqTXRzLDI5pCbGa4P8a3wPyUQSW+1xQ5eDsreP9DWHX3tjq1ke96uYG/nwundroWcA==}

  batch-cluster@13.0.0:
    resolution: {integrity: sha512-EreW0Vi8TwovhYUHBXXRA5tthuU2ynGsZFlboyMJHCCUXYa2AjgwnE3ubBOJs2xJLcuXFJbi6c/8pH5+FVj8Og==}
    engines: {node: '>=14'}

  exiftool-vendored.exe@13.17.0:
    resolution: {integrity: sha512-cXm3mTVgagHC0iDH6gsJ+l/V8JoQqO4ISt6t5xdLlqtA5kEBdDlp/Szle7LE4aPPTp7v38y14VCuAc5cgRduow==}
    os: [win32]

  exiftool-vendored.pl@13.17.0:
    resolution: {integrity: sha512-HHR4vVghUAIYYYqQv5m3VfPXkM0e5/nqDKy9B0MtFNPUQT+ecWH5Ka/yKtroHCacqDpPLrBpSeHmY+IiH0CuKg==}
    os: ['!win32']

  exiftool-vendored@29.1.0:
    resolution: {integrity: sha512-wh5JXV6HGAkHJFj/MNnTokc6c7saZS+0/ixjO/q//YZVIlLHmdZW6zidFpj0acHP6cCkWzjCEpspLYkgOo2U7A==}

  he@1.2.0:
    resolution: {integrity: sha512-F/1DnUGPopORZi0ni+CvrCgHQ5FyEAHRLSApuYWMmrbSwoN2Mn/7k+Gl38gJnR7yyDZk6WLXwiGod1JOWNDKGw==}
    hasBin: true

  luxon@3.5.0:
    resolution: {integrity: sha512-rh+Zjr6DNfUYR3bPwJEnuwDdqMbxZW7LOQfUN4B54+Cl+0o5zaU9RJ6bcidfDtC1cWCZXQ+nvX8bf6bAji37QQ==}
    engines: {node: '>=12'}

snapshots:

  '@photostructure/tz-lookup@11.1.0': {}

  '@types/luxon@3.4.2': {}

  batch-cluster@13.0.0: {}

  exiftool-vendored.exe@13.17.0:
    optional: true

  exiftool-vendored.pl@13.17.0:
    optional: true

  exiftool-vendored@29.1.0:
    dependencies:
      '@photostructure/tz-lookup': 11.1.0
      '@types/luxon': 3.4.2
      batch-cluster: 13.0.0
      he: 1.2.0
      luxon: 3.5.0
    optionalDependencies:
      exiftool-vendored.exe: 13.17.0
      exiftool-vendored.pl: 13.17.0

  he@1.2.0: {}

  luxon@3.5.0: {}
